// !$*UTF8*$!
{
	archiveVersion = 1;
	classes = {
	};
	objectVersion = 56;
	objects = {

/* Begin PBXBuildFile section */
		60F4D5C92AC2EFCE002E01BC /* MessengerTutorialApp.swift in Sources */ = {isa = PBXBuildFile; fileRef = 60F4D5C82AC2EFCE002E01BC /* MessengerTutorialApp.swift */; };
		60F4D5CB2AC2EFCE002E01BC /* ContentView.swift in Sources */ = {isa = PBXBuildFile; fileRef = 60F4D5CA2AC2EFCE002E01BC /* ContentView.swift */; };
		60F4D5CD2AC2EFD0002E01BC /* Assets.xcassets in Resources */ = {isa = PBXBuildFile; fileRef = 60F4D5CC2AC2EFD0002E01BC /* Assets.xcassets */; };
		60F4D5D02AC2EFD0002E01BC /* Preview Assets.xcassets in Resources */ = {isa = PBXBuildFile; fileRef = 60F4D5CF2AC2EFD0002E01BC /* Preview Assets.xcassets */; };
		60F4D5DF2AC2F08A002E01BC /* LoginView.swift in Sources */ = {isa = PBXBuildFile; fileRef = 60F4D5DE2AC2F08A002E01BC /* LoginView.swift */; };
		60F4D5E32AC5467A002E01BC /* RegistrationView.swift in Sources */ = {isa = PBXBuildFile; fileRef = 60F4D5E22AC5467A002E01BC /* RegistrationView.swift */; };
		60F4D5E62AC54982002E01BC /* InboxView.swift in Sources */ = {isa = PBXBuildFile; fileRef = 60F4D5E52AC54982002E01BC /* InboxView.swift */; };
		60F4D5E92AC552D2002E01BC /* ActiveNowView.swift in Sources */ = {isa = PBXBuildFile; fileRef = 60F4D5E82AC552D2002E01BC /* ActiveNowView.swift */; };
		60F4D5EB2AC55493002E01BC /* InboxRowView.swift in Sources */ = {isa = PBXBuildFile; fileRef = 60F4D5EA2AC55493002E01BC /* InboxRowView.swift */; };
		60F4D5EE2AC55F02002E01BC /* NewMessageView.swift in Sources */ = {isa = PBXBuildFile; fileRef = 60F4D5ED2AC55F02002E01BC /* NewMessageView.swift */; };
/* End PBXBuildFile section */

/* Begin PBXFileReference section */
		60F4D5C52AC2EFCE002E01BC /* MessengerTutorial.app */ = {isa = PBXFileReference; explicitFileType = wrapper.application; includeInIndex = 0; path = MessengerTutorial.app; sourceTree = BUILT_PRODUCTS_DIR; };
		60F4D5C82AC2EFCE002E01BC /* MessengerTutorialApp.swift */ = {isa = PBXFileReference; lastKnownFileType = sourcecode.swift; path = MessengerTutorialApp.swift; sourceTree = "<group>"; };
		60F4D5CA2AC2EFCE002E01BC /* ContentView.swift */ = {isa = PBXFileReference; lastKnownFileType = sourcecode.swift; path = ContentView.swift; sourceTree = "<group>"; };
		60F4D5CC2AC2EFD0002E01BC /* Assets.xcassets */ = {isa = PBXFileReference; lastKnownFileType = folder.assetcatalog; path = Assets.xcassets; sourceTree = "<group>"; };
		60F4D5CF2AC2EFD0002E01BC /* Preview Assets.xcassets */ = {isa = PBXFileReference; lastKnownFileType = folder.assetcatalog; path = "Preview Assets.xcassets"; sourceTree = "<group>"; };
		60F4D5DE2AC2F08A002E01BC /* LoginView.swift */ = {isa = PBXFileReference; lastKnownFileType = sourcecode.swift; path = LoginView.swift; sourceTree = "<group>"; };
		60F4D5E22AC5467A002E01BC /* RegistrationView.swift */ = {isa = PBXFileReference; lastKnownFileType = sourcecode.swift; path = RegistrationView.swift; sourceTree = "<group>"; };
		60F4D5E52AC54982002E01BC /* InboxView.swift */ = {isa = PBXFileReference; lastKnownFileType = sourcecode.swift; path = InboxView.swift; sourceTree = "<group>"; };
		60F4D5E82AC552D2002E01BC /* ActiveNowView.swift */ = {isa = PBXFileReference; lastKnownFileType = sourcecode.swift; path = ActiveNowView.swift; sourceTree = "<group>"; };
		60F4D5EA2AC55493002E01BC /* InboxRowView.swift */ = {isa = PBXFileReference; lastKnownFileType = sourcecode.swift; path = InboxRowView.swift; sourceTree = "<group>"; };
		60F4D5ED2AC55F02002E01BC /* NewMessageView.swift */ = {isa = PBXFileReference; lastKnownFileType = sourcecode.swift; path = NewMessageView.swift; sourceTree = "<group>"; };
/* End PBXFileReference section */

/* Begin PBXFrameworksBuildPhase section */
		60F4D5C22AC2EFCE002E01BC /* Frameworks */ = {
			isa = PBXFrameworksBuildPhase;
			buildActionMask = 2147483647;
			files = (
			);
			runOnlyForDeploymentPostprocessing = 0;
		};
/* End PBXFrameworksBuildPhase section */

/* Begin PBXGroup section */
		60F4D5BC2AC2EFCE002E01BC = {
			isa = PBXGroup;
			children = (
				60F4D5C72AC2EFCE002E01BC /* MessengerTutorial */,
				60F4D5C62AC2EFCE002E01BC /* Products */,
			);
			sourceTree = "<group>";
		};
		60F4D5C62AC2EFCE002E01BC /* Products */ = {
			isa = PBXGroup;
			children = (
				60F4D5C52AC2EFCE002E01BC /* MessengerTutorial.app */,
			);
			name = Products;
			sourceTree = "<group>";
		};
		60F4D5C72AC2EFCE002E01BC /* MessengerTutorial */ = {
			isa = PBXGroup;
			children = (
				60F4D5DA2AC2F00C002E01BC /* App */,
				60F4D5D62AC2EFEE002E01BC /* Extentions */,
				60F4D5D92AC2EFF9002E01BC /* Core */,
				60F4D5D82AC2EFF7002E01BC /* Model */,
				60F4D5D72AC2EFF2002E01BC /* Service */,
				60F4D5C82AC2EFCE002E01BC /* MessengerTutorialApp.swift */,
				60F4D5CC2AC2EFD0002E01BC /* Assets.xcassets */,
				60F4D5CE2AC2EFD0002E01BC /* Preview Content */,
			);
			path = MessengerTutorial;
			sourceTree = "<group>";
		};
		60F4D5CE2AC2EFD0002E01BC /* Preview Content */ = {
			isa = PBXGroup;
			children = (
				60F4D5CF2AC2EFD0002E01BC /* Preview Assets.xcassets */,
			);
			path = "Preview Content";
			sourceTree = "<group>";
		};
		60F4D5D62AC2EFEE002E01BC /* Extentions */ = {
			isa = PBXGroup;
			children = (
			);
			path = Extentions;
			sourceTree = "<group>";
		};
		60F4D5D72AC2EFF2002E01BC /* Service */ = {
			isa = PBXGroup;
			children = (
			);
			path = Service;
			sourceTree = "<group>";
		};
		60F4D5D82AC2EFF7002E01BC /* Model */ = {
			isa = PBXGroup;
			children = (
			);
			path = Model;
			sourceTree = "<group>";
		};
		60F4D5D92AC2EFF9002E01BC /* Core */ = {
			isa = PBXGroup;
			children = (
				60F4D5E72AC552C5002E01BC /* ActiveNow */,
				60F4D5DB2AC2F04A002E01BC /* Authentication */,
				60F4D5E42AC54969002E01BC /* Inbox */,
				60F4D5EC2AC55EE5002E01BC /* NewMessage */,
				60F4D5DC2AC2F06B002E01BC /* Root */,
			);
			path = Core;
			sourceTree = "<group>";
		};
		60F4D5DA2AC2F00C002E01BC /* App */ = {
			isa = PBXGroup;
			children = (
			);
			name = App;
			path = "New Group1/App";
			sourceTree = "<group>";
		};
		60F4D5DB2AC2F04A002E01BC /* Authentication */ = {
			isa = PBXGroup;
			children = (
				60F4D5DD2AC2F07D002E01BC /* View */,
			);
			path = Authentication;
			sourceTree = "<group>";
		};
		60F4D5DC2AC2F06B002E01BC /* Root */ = {
			isa = PBXGroup;
			children = (
				60F4D5CA2AC2EFCE002E01BC /* ContentView.swift */,
			);
			path = Root;
			sourceTree = "<group>";
		};
		60F4D5DD2AC2F07D002E01BC /* View */ = {
			isa = PBXGroup;
			children = (
				60F4D5DE2AC2F08A002E01BC /* LoginView.swift */,
				60F4D5E22AC5467A002E01BC /* RegistrationView.swift */,
			);
			path = View;
			sourceTree = "<group>";
		};
		60F4D5E42AC54969002E01BC /* Inbox */ = {
			isa = PBXGroup;
			children = (
				60F4D5E52AC54982002E01BC /* InboxView.swift */,
				60F4D5EA2AC55493002E01BC /* InboxRowView.swift */,
			);
			path = Inbox;
			sourceTree = "<group>";
		};
		60F4D5E72AC552C5002E01BC /* ActiveNow */ = {
			isa = PBXGroup;
			children = (
				60F4D5E82AC552D2002E01BC /* ActiveNowView.swift */,
			);
			path = ActiveNow;
			sourceTree = "<group>";
		};
		60F4D5EC2AC55EE5002E01BC /* NewMessage */ = {
			isa = PBXGroup;
			children = (
				60F4D5ED2AC55F02002E01BC /* NewMessageView.swift */,
			);
			path = NewMessage;
			sourceTree = "<group>";
		};
/* End PBXGroup section */

/* Begin PBXNativeTarget section */
		60F4D5C42AC2EFCE002E01BC /* MessengerTutorial */ = {
			isa = PBXNativeTarget;
			buildConfigurationList = 60F4D5D32AC2EFD0002E01BC /* Build configuration list for PBXNativeTarget "MessengerTutorial" */;
			buildPhases = (
				60F4D5C12AC2EFCE002E01BC /* Sources */,
				60F4D5C22AC2EFCE002E01BC /* Frameworks */,
				60F4D5C32AC2EFCE002E01BC /* Resources */,
			);
			buildRules = (
			);
			dependencies = (
			);
			name = MessengerTutorial;
			productName = MessengerTutorial;
			productReference = 60F4D5C52AC2EFCE002E01BC /* MessengerTutorial.app */;
			productType = "com.apple.product-type.application";
		};
/* End PBXNativeTarget section */

/* Begin PBXProject section */
		60F4D5BD2AC2EFCE002E01BC /* Project object */ = {
			isa = PBXProject;
			attributes = {
				BuildIndependentTargetsInParallel = 1;
				LastSwiftUpdateCheck = 1430;
				LastUpgradeCheck = 1430;
				TargetAttributes = {
					60F4D5C42AC2EFCE002E01BC = {
						CreatedOnToolsVersion = 14.3.1;
					};
				};
			};
			buildConfigurationList = 60F4D5C02AC2EFCE002E01BC /* Build configuration list for PBXProject "MessengerTutorial" */;
			compatibilityVersion = "Xcode 14.0";
			developmentRegion = en;
			hasScannedForEncodings = 0;
			knownRegions = (
				en,
				Base,
			);
			mainGroup = 60F4D5BC2AC2EFCE002E01BC;
			productRefGroup = 60F4D5C62AC2EFCE002E01BC /* Products */;
			projectDirPath = "";
			projectRoot = "";
			targets = (
				60F4D5C42AC2EFCE002E01BC /* MessengerTutorial */,
			);
		};
/* End PBXProject section */

/* Begin PBXResourcesBuildPhase section */
		60F4D5C32AC2EFCE002E01BC /* Resources */ = {
			isa = PBXResourcesBuildPhase;
			buildActionMask = 2147483647;
			files = (
				60F4D5D02AC2EFD0002E01BC /* Preview Assets.xcassets in Resources */,
				60F4D5CD2AC2EFD0002E01BC /* Assets.xcassets in Resources */,
			);
			runOnlyForDeploymentPostprocessing = 0;
		};
/* End PBXResourcesBuildPhase section */

/* Begin PBXSourcesBuildPhase section */
		60F4D5C12AC2EFCE002E01BC /* Sources */ = {
			isa = PBXSourcesBuildPhase;
			buildActionMask = 2147483647;
			files = (
				60F4D5EB2AC55493002E01BC /* InboxRowView.swift in Sources */,
				60F4D5EE2AC55F02002E01BC /* NewMessageView.swift in Sources */,
				60F4D5DF2AC2F08A002E01BC /* LoginView.swift in Sources */,
				60F4D5CB2AC2EFCE002E01BC /* ContentView.swift in Sources */,
				60F4D5E62AC54982002E01BC /* InboxView.swift in Sources */,
				60F4D5E92AC552D2002E01BC /* ActiveNowView.swift in Sources */,
				60F4D5C92AC2EFCE002E01BC /* MessengerTutorialApp.swift in Sources */,
				60F4D5E32AC5467A002E01BC /* RegistrationView.swift in Sources */,
			);
			runOnlyForDeploymentPostprocessing = 0;
		};
/* End PBXSourcesBuildPhase section */

/* Begin XCBuildConfiguration section */
		60F4D5D12AC2EFD0002E01BC /* Debug */ = {
			isa = XCBuildConfiguration;
			buildSettings = {
				ALWAYS_SEARCH_USER_PATHS = NO;
				CLANG_ANALYZER_NONNULL = YES;
				CLANG_ANALYZER_NUMBER_OBJECT_CONVERSION = YES_AGGRESSIVE;
				CLANG_CXX_LANGUAGE_STANDARD = "gnu++20";
				CLANG_ENABLE_MODULES = YES;
				CLANG_ENABLE_OBJC_ARC = YES;
				CLANG_ENABLE_OBJC_WEAK = YES;
				CLANG_WARN_BLOCK_CAPTURE_AUTORELEASING = YES;
				CLANG_WARN_BOOL_CONVERSION = YES;
				CLANG_WARN_COMMA = YES;
				CLANG_WARN_CONSTANT_CONVERSION = YES;
				CLANG_WARN_DEPRECATED_OBJC_IMPLEMENTATIONS = YES;
				CLANG_WARN_DIRECT_OBJC_ISA_USAGE = YES_ERROR;
				CLANG_WARN_DOCUMENTATION_COMMENTS = YES;
				CLANG_WARN_EMPTY_BODY = YES;
				CLANG_WARN_ENUM_CONVERSION = YES;
				CLANG_WARN_INFINITE_RECURSION = YES;
				CLANG_WARN_INT_CONVERSION = YES;
				CLANG_WARN_NON_LITERAL_NULL_CONVERSION = YES;
				CLANG_WARN_OBJC_IMPLICIT_RETAIN_SELF = YES;
				CLANG_WARN_OBJC_LITERAL_CONVERSION = YES;
				CLANG_WARN_OBJC_ROOT_CLASS = YES_ERROR;
				CLANG_WARN_QUOTED_INCLUDE_IN_FRAMEWORK_HEADER = YES;
				CLANG_WARN_RANGE_LOOP_ANALYSIS = YES;
				CLANG_WARN_STRICT_PROTOTYPES = YES;
				CLANG_WARN_SUSPICIOUS_MOVE = YES;
				CLANG_WARN_UNGUARDED_AVAILABILITY = YES_AGGRESSIVE;
				CLANG_WARN_UNREACHABLE_CODE = YES;
				CLANG_WARN__DUPLICATE_METHOD_MATCH = YES;
				COPY_PHASE_STRIP = NO;
				DEBUG_INFORMATION_FORMAT = dwarf;
				ENABLE_STRICT_OBJC_MSGSEND = YES;
				ENABLE_TESTABILITY = YES;
				GCC_C_LANGUAGE_STANDARD = gnu11;
				GCC_DYNAMIC_NO_PIC = NO;
				GCC_NO_COMMON_BLOCKS = YES;
				GCC_OPTIMIZATION_LEVEL = 0;
				GCC_PREPROCESSOR_DEFINITIONS = (
					"DEBUG=1",
					"$(inherited)",
				);
				GCC_WARN_64_TO_32_BIT_CONVERSION = YES;
				GCC_WARN_ABOUT_RETURN_TYPE = YES_ERROR;
				GCC_WARN_UNDECLARED_SELECTOR = YES;
				GCC_WARN_UNINITIALIZED_AUTOS = YES_AGGRESSIVE;
				GCC_WARN_UNUSED_FUNCTION = YES;
				GCC_WARN_UNUSED_VARIABLE = YES;
				IPHONEOS_DEPLOYMENT_TARGET = 16.4;
				MTL_ENABLE_DEBUG_INFO = INCLUDE_SOURCE;
				MTL_FAST_MATH = YES;
				ONLY_ACTIVE_ARCH = YES;
				SDKROOT = iphoneos;
				SWIFT_ACTIVE_COMPILATION_CONDITIONS = DEBUG;
				SWIFT_OPTIMIZATION_LEVEL = "-Onone";
			};
			name = Debug;
		};
		60F4D5D22AC2EFD0002E01BC /* Release */ = {
			isa = XCBuildConfiguration;
			buildSettings = {
				ALWAYS_SEARCH_USER_PATHS = NO;
				CLANG_ANALYZER_NONNULL = YES;
				CLANG_ANALYZER_NUMBER_OBJECT_CONVERSION = YES_AGGRESSIVE;
				CLANG_CXX_LANGUAGE_STANDARD = "gnu++20";
				CLANG_ENABLE_MODULES = YES;
				CLANG_ENABLE_OBJC_ARC = YES;
				CLANG_ENABLE_OBJC_WEAK = YES;
				CLANG_WARN_BLOCK_CAPTURE_AUTORELEASING = YES;
				CLANG_WARN_BOOL_CONVERSION = YES;
				CLANG_WARN_COMMA = YES;
				CLANG_WARN_CONSTANT_CONVERSION = YES;
				CLANG_WARN_DEPRECATED_OBJC_IMPLEMENTATIONS = YES;
				CLANG_WARN_DIRECT_OBJC_ISA_USAGE = YES_ERROR;
				CLANG_WARN_DOCUMENTATION_COMMENTS = YES;
				CLANG_WARN_EMPTY_BODY = YES;
				CLANG_WARN_ENUM_CONVERSION = YES;
				CLANG_WARN_INFINITE_RECURSION = YES;
				CLANG_WARN_INT_CONVERSION = YES;
				CLANG_WARN_NON_LITERAL_NULL_CONVERSION = YES;
				CLANG_WARN_OBJC_IMPLICIT_RETAIN_SELF = YES;
				CLANG_WARN_OBJC_LITERAL_CONVERSION = YES;
				CLANG_WARN_OBJC_ROOT_CLASS = YES_ERROR;
				CLANG_WARN_QUOTED_INCLUDE_IN_FRAMEWORK_HEADER = YES;
				CLANG_WARN_RANGE_LOOP_ANALYSIS = YES;
				CLANG_WARN_STRICT_PROTOTYPES = YES;
				CLANG_WARN_SUSPICIOUS_MOVE = YES;
				CLANG_WARN_UNGUARDED_AVAILABILITY = YES_AGGRESSIVE;
				CLANG_WARN_UNREACHABLE_CODE = YES;
				CLANG_WARN__DUPLICATE_METHOD_MATCH = YES;
				COPY_PHASE_STRIP = NO;
				DEBUG_INFORMATION_FORMAT = "dwarf-with-dsym";
				ENABLE_NS_ASSERTIONS = NO;
				ENABLE_STRICT_OBJC_MSGSEND = YES;
				GCC_C_LANGUAGE_STANDARD = gnu11;
				GCC_NO_COMMON_BLOCKS = YES;
				GCC_WARN_64_TO_32_BIT_CONVERSION = YES;
				GCC_WARN_ABOUT_RETURN_TYPE = YES_ERROR;
				GCC_WARN_UNDECLARED_SELECTOR = YES;
				GCC_WARN_UNINITIALIZED_AUTOS = YES_AGGRESSIVE;
				GCC_WARN_UNUSED_FUNCTION = YES;
				GCC_WARN_UNUSED_VARIABLE = YES;
				IPHONEOS_DEPLOYMENT_TARGET = 16.4;
				MTL_ENABLE_DEBUG_INFO = NO;
				MTL_FAST_MATH = YES;
				SDKROOT = iphoneos;
				SWIFT_COMPILATION_MODE = wholemodule;
				SWIFT_OPTIMIZATION_LEVEL = "-O";
				VALIDATE_PRODUCT = YES;
			};
			name = Release;
		};
		60F4D5D42AC2EFD0002E01BC /* Debug */ = {
			isa = XCBuildConfiguration;
			buildSettings = {
				ASSETCATALOG_COMPILER_APPICON_NAME = AppIcon;
				ASSETCATALOG_COMPILER_GLOBAL_ACCENT_COLOR_NAME = AccentColor;
				CODE_SIGN_STYLE = Automatic;
				CURRENT_PROJECT_VERSION = 1;
				DEVELOPMENT_ASSET_PATHS = "\"MessengerTutorial/Preview Content\"";
				DEVELOPMENT_TEAM = VJUK3HBJ2M;
				ENABLE_PREVIEWS = YES;
				GENERATE_INFOPLIST_FILE = YES;
				INFOPLIST_KEY_UIApplicationSceneManifest_Generation = YES;
				INFOPLIST_KEY_UIApplicationSupportsIndirectInputEvents = YES;
				INFOPLIST_KEY_UILaunchScreen_Generation = YES;
				INFOPLIST_KEY_UISupportedInterfaceOrientations_iPad = "UIInterfaceOrientationPortrait UIInterfaceOrientationPortraitUpsideDown UIInterfaceOrientationLandscapeLeft UIInterfaceOrientationLandscapeRight";
				INFOPLIST_KEY_UISupportedInterfaceOrientations_iPhone = "UIInterfaceOrientationPortrait UIInterfaceOrientationLandscapeLeft UIInterfaceOrientationLandscapeRight";
				LD_RUNPATH_SEARCH_PATHS = (
					"$(inherited)",
					"@executable_path/Frameworks",
				);
				MARKETING_VERSION = 1.0;
				PRODUCT_BUNDLE_IDENTIFIER = leejinjhee.MessengerTutorial;
				PRODUCT_NAME = "$(TARGET_NAME)";
				SWIFT_EMIT_LOC_STRINGS = YES;
				SWIFT_VERSION = 5.0;
				TARGETED_DEVICE_FAMILY = "1,2";
			};
			name = Debug;
		};
		60F4D5D52AC2EFD0002E01BC /* Release */ = {
			isa = XCBuildConfiguration;
			buildSettings = {
				ASSETCATALOG_COMPILER_APPICON_NAME = AppIcon;
				ASSETCATALOG_COMPILER_GLOBAL_ACCENT_COLOR_NAME = AccentColor;
				CODE_SIGN_STYLE = Automatic;
				CURRENT_PROJECT_VERSION = 1;
				DEVELOPMENT_ASSET_PATHS = "\"MessengerTutorial/Preview Content\"";
				DEVELOPMENT_TEAM = VJUK3HBJ2M;
				ENABLE_PREVIEWS = YES;
				GENERATE_INFOPLIST_FILE = YES;
				INFOPLIST_KEY_UIApplicationSceneManifest_Generation = YES;
				INFOPLIST_KEY_UIApplicationSupportsIndirectInputEvents = YES;
				INFOPLIST_KEY_UILaunchScreen_Generation = YES;
				INFOPLIST_KEY_UISupportedInterfaceOrientations_iPad = "UIInterfaceOrientationPortrait UIInterfaceOrientationPortraitUpsideDown UIInterfaceOrientationLandscapeLeft UIInterfaceOrientationLandscapeRight";
				INFOPLIST_KEY_UISupportedInterfaceOrientations_iPhone = "UIInterfaceOrientationPortrait UIInterfaceOrientationLandscapeLeft UIInterfaceOrientationLandscapeRight";
				LD_RUNPATH_SEARCH_PATHS = (
					"$(inherited)",
					"@executable_path/Frameworks",
				);
				MARKETING_VERSION = 1.0;
				PRODUCT_BUNDLE_IDENTIFIER = leejinjhee.MessengerTutorial;
				PRODUCT_NAME = "$(TARGET_NAME)";
				SWIFT_EMIT_LOC_STRINGS = YES;
				SWIFT_VERSION = 5.0;
				TARGETED_DEVICE_FAMILY = "1,2";
			};
			name = Release;
		};
/* End XCBuildConfiguration section */

/* Begin XCConfigurationList section */
		60F4D5C02AC2EFCE002E01BC /* Build configuration list for PBXProject "MessengerTutorial" */ = {
			isa = XCConfigurationList;
			buildConfigurations = (
				60F4D5D12AC2EFD0002E01BC /* Debug */,
				60F4D5D22AC2EFD0002E01BC /* Release */,
			);
			defaultConfigurationIsVisible = 0;
			defaultConfigurationName = Release;
		};
		60F4D5D32AC2EFD0002E01BC /* Build configuration list for PBXNativeTarget "MessengerTutorial" */ = {
			isa = XCConfigurationList;
			buildConfigurations = (
				60F4D5D42AC2EFD0002E01BC /* Debug */,
				60F4D5D52AC2EFD0002E01BC /* Release */,
			);
			defaultConfigurationIsVisible = 0;
			defaultConfigurationName = Release;
		};
/* End XCConfigurationList section */
	};
	rootObject = 60F4D5BD2AC2EFCE002E01BC /* Project object */;
}
